
Microsoft Visual Studio Solution File, Format Version 12.00
# Visual Studio Version 17
VisualStudioVersion = 17.5.33424.131
MinimumVisualStudioVersion = 10.0.40219.1
Project("{FAE04EC0-301F-11D3-BF4B-00C04F79EFBC}") = "LaboratoryWork1", "LaboratoryWork1.csproj", "{344A1667-4A8E-48EA-9618-B47176ADC7CD}"
EndProject
Global
	GlobalSection(SolutionConfigurationPlatforms) = preSolution
		Debug|Any CPU = Debug|Any CPU
		Release|Any CPU = Release|Any CPU
	EndGlobalSection
	GlobalSection(ProjectConfigurationPlatforms) = postSolution
		{344A1667-4A8E-48EA-9618-B47176ADC7CD}.Debug|Any CPU.ActiveCfg = Debug|Any CPU
		{344A1667-4A8E-48EA-9618-B47176ADC7CD}.Debug|Any CPU.Build.0 = Debug|Any CPU
		{344A1667-4A8E-48EA-9618-B47176ADC7CD}.Release|Any CPU.ActiveCfg = Release|Any CPU
		{344A1667-4A8E-48EA-9618-B47176ADC7CD}.Release|Any CPU.Build.0 = Release|Any CPU
	EndGlobalSection
	GlobalSection(SolutionProperties) = preSolution
		HideSolutionNode = FALSE
	EndGlobalSection
	GlobalSection(ExtensibilityGlobals) = postSolution
		SolutionGuid = {5C7C6108-92DB-4E16-9B4B-F7AC465C3D75}
	EndGlobalSection
EndGlobal
